
Microsoft Visual Studio Solution File, Format Version 12.00
# Visual Studio Version 17
VisualStudioVersion = 17.5.002.0
MinimumVisualStudioVersion = 10.0.40219.1
Project("{9A19103F-16F7-4668-BE54-9A1E7A4F7556}") = "Dergwasm", "Dergwasm.csproj", "{CE72C388-05E9-4E77-A806-F38147B18148}"
EndProject
Global
	GlobalSection(SolutionConfigurationPlatforms) = preSolution
		Debug|Any CPU = Debug|Any CPU
		Release|Any CPU = Release|Any CPU
	EndGlobalSection
	GlobalSection(ProjectConfigurationPlatforms) = postSolution
		{CE72C388-05E9-4E77-A806-F38147B18148}.Debug|Any CPU.ActiveCfg = Debug|Any CPU
		{CE72C388-05E9-4E77-A806-F38147B18148}.Debug|Any CPU.Build.0 = Debug|Any CPU
		{CE72C388-05E9-4E77-A806-F38147B18148}.Release|Any CPU.ActiveCfg = Release|Any CPU
		{CE72C388-05E9-4E77-A806-F38147B18148}.Release|Any CPU.Build.0 = Release|Any CPU
	EndGlobalSection
	GlobalSection(SolutionProperties) = preSolution
		HideSolutionNode = FALSE
	EndGlobalSection
	GlobalSection(ExtensibilityGlobals) = postSolution
		SolutionGuid = {0DDEBE4B-C84D-4AF1-9C6F-8D2B23DFCDB0}
	EndGlobalSection
EndGlobal
