
Microsoft Visual Studio Solution File, Format Version 12.00
# Visual Studio Version 17
VisualStudioVersion = 17.6.33815.320
MinimumVisualStudioVersion = 10.0.40219.1
Project("{FAE04EC0-301F-11D3-BF4B-00C04F79EFBC}") = "Dergwasm", "Dergwasm\Dergwasm.csproj", "{EB052882-ADCF-400D-B277-1AA5FBA7E945}"
EndProject
Project("{9A19103F-16F7-4668-BE54-9A1E7A4F7556}") = "DergwasmTests", "DergwasmTests\DergwasmTests.csproj", "{DD3FA3DC-5AB2-468C-92FD-09D0A5D75B7B}"
EndProject
Project("{9A19103F-16F7-4668-BE54-9A1E7A4F7556}") = "Benchmarks", "Benchmarks\Benchmarks.csproj", "{BC1097C2-8834-42EF-AFA8-8734C198EC40}"
	ProjectSection(ProjectDependencies) = postProject
		{DD3FA3DC-5AB2-468C-92FD-09D0A5D75B7B} = {DD3FA3DC-5AB2-468C-92FD-09D0A5D75B7B}
		{EB052882-ADCF-400D-B277-1AA5FBA7E945} = {EB052882-ADCF-400D-B277-1AA5FBA7E945}
	EndProjectSection
EndProject
Project("{FAE04EC0-301F-11D3-BF4B-00C04F79EFBC}") = "LoadModule", "LoadModule\LoadModule.csproj", "{56D7367E-C6EC-432C-826D-2D9999A13453}"
EndProject
Global
	GlobalSection(SolutionConfigurationPlatforms) = preSolution
		Debug|Any CPU = Debug|Any CPU
		Release|Any CPU = Release|Any CPU
	EndGlobalSection
	GlobalSection(ProjectConfigurationPlatforms) = postSolution
		{EB052882-ADCF-400D-B277-1AA5FBA7E945}.Debug|Any CPU.ActiveCfg = Debug|Any CPU
		{EB052882-ADCF-400D-B277-1AA5FBA7E945}.Debug|Any CPU.Build.0 = Debug|Any CPU
		{EB052882-ADCF-400D-B277-1AA5FBA7E945}.Release|Any CPU.ActiveCfg = Release|Any CPU
		{EB052882-ADCF-400D-B277-1AA5FBA7E945}.Release|Any CPU.Build.0 = Release|Any CPU
		{DD3FA3DC-5AB2-468C-92FD-09D0A5D75B7B}.Debug|Any CPU.ActiveCfg = Debug|Any CPU
		{DD3FA3DC-5AB2-468C-92FD-09D0A5D75B7B}.Debug|Any CPU.Build.0 = Debug|Any CPU
		{DD3FA3DC-5AB2-468C-92FD-09D0A5D75B7B}.Release|Any CPU.ActiveCfg = Release|Any CPU
		{DD3FA3DC-5AB2-468C-92FD-09D0A5D75B7B}.Release|Any CPU.Build.0 = Release|Any CPU
		{BC1097C2-8834-42EF-AFA8-8734C198EC40}.Debug|Any CPU.ActiveCfg = Debug|Any CPU
		{BC1097C2-8834-42EF-AFA8-8734C198EC40}.Debug|Any CPU.Build.0 = Debug|Any CPU
		{BC1097C2-8834-42EF-AFA8-8734C198EC40}.Release|Any CPU.ActiveCfg = Release|Any CPU
		{BC1097C2-8834-42EF-AFA8-8734C198EC40}.Release|Any CPU.Build.0 = Release|Any CPU
		{56D7367E-C6EC-432C-826D-2D9999A13453}.Debug|Any CPU.ActiveCfg = Debug|Any CPU
		{56D7367E-C6EC-432C-826D-2D9999A13453}.Debug|Any CPU.Build.0 = Debug|Any CPU
		{56D7367E-C6EC-432C-826D-2D9999A13453}.Release|Any CPU.ActiveCfg = Release|Any CPU
		{56D7367E-C6EC-432C-826D-2D9999A13453}.Release|Any CPU.Build.0 = Release|Any CPU
	EndGlobalSection
	GlobalSection(SolutionProperties) = preSolution
		HideSolutionNode = FALSE
	EndGlobalSection
	GlobalSection(ExtensibilityGlobals) = postSolution
		SolutionGuid = {30D4747C-D2F8-46B1-A4C8-F7EC23F59C95}
	EndGlobalSection
EndGlobal
